
Microsoft Visual Studio Solution File, Format Version 11.00
# Visual Studio 2010
Project("{FAE04EC0-301F-11D3-BF4B-00C04F79EFBC}") = "MGDIS.Data.BambooClient", "MGDIS.Data.BambooClient\MGDIS.Data.BambooClient.csproj", "{A5448CA2-8488-4BBD-A694-87FA50487D62}"
EndProject
Project("{FAE04EC0-301F-11D3-BF4B-00C04F79EFBC}") = "MGDIS.Data.BambooClient.Tests", "MGDIS.Data.BambooClient.Tests\MGDIS.Data.BambooClient.Tests.csproj", "{9DD2C0CB-FC71-43BC-A271-8675BD898CE0}"
EndProject
Project("{2150E333-8FDC-42A3-9474-1A3956D46DE8}") = "Solution Items", "Solution Items", "{FD68E977-5FDC-4471-9568-EB8977873D47}"
	ProjectSection(SolutionItems) = preProject
		License.txt = License.txt
		Local.testsettings = Local.testsettings
		MGDIS.Data.BambooClient.vsmdi = MGDIS.Data.BambooClient.vsmdi
		TraceAndTestImpact.testsettings = TraceAndTestImpact.testsettings
	EndProjectSection
EndProject
Project("{FAE04EC0-301F-11D3-BF4B-00C04F79EFBC}") = "SampleApplication", "SampleApplication\SampleApplication.csproj", "{13CF133B-6642-46D0-ADB1-2A4A8F4B636C}"
EndProject
Global
	GlobalSection(TestCaseManagementSettings) = postSolution
		CategoryFile = MGDIS.Data.BambooClient.vsmdi
	EndGlobalSection
	GlobalSection(SolutionConfigurationPlatforms) = preSolution
		Debug|Any CPU = Debug|Any CPU
		Debug|Mixed Platforms = Debug|Mixed Platforms
		Debug|x86 = Debug|x86
		Release|Any CPU = Release|Any CPU
		Release|Mixed Platforms = Release|Mixed Platforms
		Release|x86 = Release|x86
	EndGlobalSection
	GlobalSection(ProjectConfigurationPlatforms) = postSolution
		{A5448CA2-8488-4BBD-A694-87FA50487D62}.Debug|Any CPU.ActiveCfg = Debug|Any CPU
		{A5448CA2-8488-4BBD-A694-87FA50487D62}.Debug|Any CPU.Build.0 = Debug|Any CPU
		{A5448CA2-8488-4BBD-A694-87FA50487D62}.Debug|Mixed Platforms.ActiveCfg = Debug|Any CPU
		{A5448CA2-8488-4BBD-A694-87FA50487D62}.Debug|Mixed Platforms.Build.0 = Debug|Any CPU
		{A5448CA2-8488-4BBD-A694-87FA50487D62}.Debug|x86.ActiveCfg = Debug|Any CPU
		{A5448CA2-8488-4BBD-A694-87FA50487D62}.Release|Any CPU.ActiveCfg = Release|Any CPU
		{A5448CA2-8488-4BBD-A694-87FA50487D62}.Release|Any CPU.Build.0 = Release|Any CPU
		{A5448CA2-8488-4BBD-A694-87FA50487D62}.Release|Mixed Platforms.ActiveCfg = Release|Any CPU
		{A5448CA2-8488-4BBD-A694-87FA50487D62}.Release|Mixed Platforms.Build.0 = Release|Any CPU
		{A5448CA2-8488-4BBD-A694-87FA50487D62}.Release|x86.ActiveCfg = Release|Any CPU
		{9DD2C0CB-FC71-43BC-A271-8675BD898CE0}.Debug|Any CPU.ActiveCfg = Debug|Any CPU
		{9DD2C0CB-FC71-43BC-A271-8675BD898CE0}.Debug|Any CPU.Build.0 = Debug|Any CPU
		{9DD2C0CB-FC71-43BC-A271-8675BD898CE0}.Debug|Mixed Platforms.ActiveCfg = Debug|Any CPU
		{9DD2C0CB-FC71-43BC-A271-8675BD898CE0}.Debug|Mixed Platforms.Build.0 = Debug|Any CPU
		{9DD2C0CB-FC71-43BC-A271-8675BD898CE0}.Debug|x86.ActiveCfg = Debug|Any CPU
		{9DD2C0CB-FC71-43BC-A271-8675BD898CE0}.Release|Any CPU.ActiveCfg = Release|Any CPU
		{9DD2C0CB-FC71-43BC-A271-8675BD898CE0}.Release|Any CPU.Build.0 = Release|Any CPU
		{9DD2C0CB-FC71-43BC-A271-8675BD898CE0}.Release|Mixed Platforms.ActiveCfg = Release|Any CPU
		{9DD2C0CB-FC71-43BC-A271-8675BD898CE0}.Release|Mixed Platforms.Build.0 = Release|Any CPU
		{9DD2C0CB-FC71-43BC-A271-8675BD898CE0}.Release|x86.ActiveCfg = Release|Any CPU
		{13CF133B-6642-46D0-ADB1-2A4A8F4B636C}.Debug|Any CPU.ActiveCfg = Debug|x86
		{13CF133B-6642-46D0-ADB1-2A4A8F4B636C}.Debug|Mixed Platforms.ActiveCfg = Debug|x86
		{13CF133B-6642-46D0-ADB1-2A4A8F4B636C}.Debug|Mixed Platforms.Build.0 = Debug|x86
		{13CF133B-6642-46D0-ADB1-2A4A8F4B636C}.Debug|x86.ActiveCfg = Debug|x86
		{13CF133B-6642-46D0-ADB1-2A4A8F4B636C}.Debug|x86.Build.0 = Debug|x86
		{13CF133B-6642-46D0-ADB1-2A4A8F4B636C}.Release|Any CPU.ActiveCfg = Release|x86
		{13CF133B-6642-46D0-ADB1-2A4A8F4B636C}.Release|Mixed Platforms.ActiveCfg = Release|x86
		{13CF133B-6642-46D0-ADB1-2A4A8F4B636C}.Release|Mixed Platforms.Build.0 = Release|x86
		{13CF133B-6642-46D0-ADB1-2A4A8F4B636C}.Release|x86.ActiveCfg = Release|x86
		{13CF133B-6642-46D0-ADB1-2A4A8F4B636C}.Release|x86.Build.0 = Release|x86
	EndGlobalSection
	GlobalSection(SolutionProperties) = preSolution
		HideSolutionNode = FALSE
	EndGlobalSection
EndGlobal
